
Microsoft Visual Studio Solution File, Format Version 12.00
# Visual Studio Version 16
VisualStudioVersion = 16.0.810.4
MinimumVisualStudioVersion = 10.0.40219.1
Project("{FAE04EC0-301F-11D3-BF4B-00C04F79EFBC}") = "PrototypePattern", "PrototypePattern\PrototypePattern.csproj", "{838057F5-751E-43FE-8A14-BFE4EB02ED1A}"
EndProject
Project("{FAE04EC0-301F-11D3-BF4B-00C04F79EFBC}") = "Singleton", "Singleton\Singleton.csproj", "{39BE2AF3-7AAA-4E29-8763-FE1BEFD2D2EF}"
EndProject
Project("{FAE04EC0-301F-11D3-BF4B-00C04F79EFBC}") = "FactoryMetthodPattern", "FactoryMetthodPattern\FactoryMetthodPattern.csproj", "{71F3E81B-5CB9-46F6-8BA1-6CA4B10D0840}"
EndProject
Project("{FAE04EC0-301F-11D3-BF4B-00C04F79EFBC}") = "AbstractFactory", "AbstractFactory\AbstractFactory.csproj", "{7160DDC0-3246-4366-AA7D-4A10F14DC4A0}"
EndProject
Project("{FAE04EC0-301F-11D3-BF4B-00C04F79EFBC}") = "BuilderPattern", "BuilderPattern\BuilderPattern.csproj", "{BEB4A720-18AA-4515-A634-586BA23AC546}"
EndProject
Global
	GlobalSection(SolutionConfigurationPlatforms) = preSolution
		Debug|anycpu = Debug|anycpu
		Release|anycpu = Release|anycpu
	EndGlobalSection
	GlobalSection(ProjectConfigurationPlatforms) = postSolution
		{838057F5-751E-43FE-8A14-BFE4EB02ED1A}.Debug|anycpu.ActiveCfg = Debug|anycpu
		{838057F5-751E-43FE-8A14-BFE4EB02ED1A}.Debug|anycpu.Build.0 = Debug|anycpu
		{838057F5-751E-43FE-8A14-BFE4EB02ED1A}.Release|anycpu.ActiveCfg = Release|anycpu
		{838057F5-751E-43FE-8A14-BFE4EB02ED1A}.Release|anycpu.Build.0 = Release|anycpu
		{39BE2AF3-7AAA-4E29-8763-FE1BEFD2D2EF}.Debug|anycpu.ActiveCfg = Debug|anycpu
		{39BE2AF3-7AAA-4E29-8763-FE1BEFD2D2EF}.Debug|anycpu.Build.0 = Debug|anycpu
		{39BE2AF3-7AAA-4E29-8763-FE1BEFD2D2EF}.Release|anycpu.ActiveCfg = Release|anycpu
		{39BE2AF3-7AAA-4E29-8763-FE1BEFD2D2EF}.Release|anycpu.Build.0 = Release|anycpu
		{71F3E81B-5CB9-46F6-8BA1-6CA4B10D0840}.Debug|anycpu.ActiveCfg = Debug|anycpu
		{71F3E81B-5CB9-46F6-8BA1-6CA4B10D0840}.Debug|anycpu.Build.0 = Debug|anycpu
		{71F3E81B-5CB9-46F6-8BA1-6CA4B10D0840}.Release|anycpu.ActiveCfg = Release|anycpu
		{71F3E81B-5CB9-46F6-8BA1-6CA4B10D0840}.Release|anycpu.Build.0 = Release|anycpu
		{7160DDC0-3246-4366-AA7D-4A10F14DC4A0}.Debug|anycpu.ActiveCfg = Debug|anycpu
		{7160DDC0-3246-4366-AA7D-4A10F14DC4A0}.Debug|anycpu.Build.0 = Debug|anycpu
		{7160DDC0-3246-4366-AA7D-4A10F14DC4A0}.Release|anycpu.ActiveCfg = Release|anycpu
		{7160DDC0-3246-4366-AA7D-4A10F14DC4A0}.Release|anycpu.Build.0 = Release|anycpu
		{BEB4A720-18AA-4515-A634-586BA23AC546}.Debug|anycpu.ActiveCfg = Debug|anycpu
		{BEB4A720-18AA-4515-A634-586BA23AC546}.Debug|anycpu.Build.0 = Debug|anycpu
		{BEB4A720-18AA-4515-A634-586BA23AC546}.Release|anycpu.ActiveCfg = Release|anycpu
		{BEB4A720-18AA-4515-A634-586BA23AC546}.Release|anycpu.Build.0 = Release|anycpu
	EndGlobalSection
	GlobalSection(SolutionProperties) = preSolution
		HideSolutionNode = FALSE
	EndGlobalSection
	GlobalSection(ExtensibilityGlobals) = postSolution
		SolutionGuid = {73C5EF4D-F8E9-45E6-9149-D13328AA8569}
	EndGlobalSection
EndGlobal
